# This file was autogenerated by Stack.
# You should not edit this file by hand.
# For more information, please see the documentation at:
#   https://docs.haskellstack.org/en/stable/lock_files

packages:
- completed:
    hackage: cryptonite-0.28@sha256:b6c75e62b4c655d4cb1bcbb80d01430d136aac32bd6962c86c84738935cc8f9d,18195
    pantry-tree:
      size: 23132
      sha256: d80d7be9b1d0799a8e401ca5d4f4f424e0d8c42d4a30cc37bf6f82970232bfcf
  original:
    hackage: cryptonite-0.28@sha256:b6c75e62b4c655d4cb1bcbb80d01430d136aac32bd6962c86c84738935cc8f9d,18195
- completed:
    hackage: indexed-traversable-instances-0.1@sha256:3aaf97040001bbe583e29c2b9c7d41660df265e6565a0d2ac09a3ed5b8bc21be,2874
    pantry-tree:
      size: 427
      sha256: d69630ba4b548b72eed15553586ce7b1e574cd8e4cc5b30d506ab3a697b26502
  original:
    hackage: indexed-traversable-instances-0.1@sha256:3aaf97040001bbe583e29c2b9c7d41660df265e6565a0d2ac09a3ed5b8bc21be,2874
- completed:
    hackage: optics-0.4@sha256:9fb69bf0195b8d8f1f8cd0098000946868b8a3c3ffb51e5b64f79fc600c3eb4c,6568
    pantry-tree:
      size: 1157
      sha256: 63595a3678ec3937ceba1eb43a44c13434610ad370705d0a8bcff723660e1508
  original:
    hackage: optics-0.4@sha256:9fb69bf0195b8d8f1f8cd0098000946868b8a3c3ffb51e5b64f79fc600c3eb4c,6568
- completed:
    hackage: optics-core-0.4@sha256:59e04aebca536bd011ae50c781937f45af4c1456af1eb9fb578f9a69eee293cd,4995
    pantry-tree:
      size: 5315
      sha256: 0b8b5824efec35faede5a4c5d7c6f47c6b4708885942f7a7f73c892a5c3c5738
  original:
    hackage: optics-core-0.4@sha256:59e04aebca536bd011ae50c781937f45af4c1456af1eb9fb578f9a69eee293cd,4995
- completed:
    hackage: optics-extra-0.4@sha256:b9914f38aa7d5c92f231060d9168447f9f5a367c07df9bf47a003e3e786d5e05,3432
    pantry-tree:
      size: 1809
      sha256: 6427b6a63e3a6fbb20987dffc1ce6fabfbf7da108b6e38ef9c6343db3c858706
  original:
    hackage: optics-extra-0.4@sha256:b9914f38aa7d5c92f231060d9168447f9f5a367c07df9bf47a003e3e786d5e05,3432
- completed:
    hackage: optics-th-0.4@sha256:7c838b5b1d6998133bf8f0641c36197ed6cb468dc69515e1952f33f0bbe8e11d,2009
    pantry-tree:
      size: 741
      sha256: 41e77d095f528791a181589af631373d2a2fa63ab43564462cd2ce2a185ec3a8
  original:
    hackage: optics-th-0.4@sha256:7c838b5b1d6998133bf8f0641c36197ed6cb468dc69515e1952f33f0bbe8e11d,2009
snapshots:
- completed:
    size: 585393
    url: https://raw.githubusercontent.com/commercialhaskell/stackage-snapshots/master/lts/18/0.yaml
    sha256: c632012da648385b9fa3c29f4e0afd56ead299f1c5528ee789058be410e883c0
  original: lts-18.0
